
Microsoft Visual Studio Solution File, Format Version 12.00
# Visual Studio Version 16
VisualStudioVersion = 16.0.30523.141
MinimumVisualStudioVersion = 10.0.40219.1
Project("{FAE04EC0-301F-11D3-BF4B-00C04F79EFBC}") = "ClaytonFelipe-DiegoGonzales", "ClaytonFelipe-DiegoGonzales.csproj", "{C784E5B1-3B79-4D91-801A-F3F3634E86A8}"
EndProject
Global
	GlobalSection(SolutionConfigurationPlatforms) = preSolution
		Debug|Any CPU = Debug|Any CPU
		Release|Any CPU = Release|Any CPU
	EndGlobalSection
	GlobalSection(ProjectConfigurationPlatforms) = postSolution
		{C784E5B1-3B79-4D91-801A-F3F3634E86A8}.Debug|Any CPU.ActiveCfg = Debug|Any CPU
		{C784E5B1-3B79-4D91-801A-F3F3634E86A8}.Debug|Any CPU.Build.0 = Debug|Any CPU
		{C784E5B1-3B79-4D91-801A-F3F3634E86A8}.Release|Any CPU.ActiveCfg = Release|Any CPU
		{C784E5B1-3B79-4D91-801A-F3F3634E86A8}.Release|Any CPU.Build.0 = Release|Any CPU
	EndGlobalSection
	GlobalSection(SolutionProperties) = preSolution
		HideSolutionNode = FALSE
	EndGlobalSection
	GlobalSection(ExtensibilityGlobals) = postSolution
		SolutionGuid = {46CE4980-09E8-4CAC-9BB2-A8CB739127F7}
	EndGlobalSection
EndGlobal
